dependencies:
  abobija/rc522:
    component_hash: 97139a54ef1582ffdc825efee669ad438c9c6cda4da3a63377d8f581fd3405eb
    dependencies:
    - name: idf
      require: private
      version: '>5.0.0'
    source:
      registry_url: https://components.espressif.com/
      type: service
    version: 2.6.1
  espressif/esp_lvgl_port:
    component_hash: fb6c1fdfe70d4ca39a035d63ca394a35f17ec84ce16ff98ecb13a54155d75da4
    dependencies:
    - name: idf
      require: private
      version: '>=5.2'
    - name: lvgl/lvgl
      registry_url: https://components.espressif.com
      require: public
      version: '>=8,<10'
    source:
      registry_url: https://components.espressif.com/
      type: service
    version: 2.8.0~1
  espressif/led_strip:
    component_hash: 28621486f77229aaf81c71f5e15d6fbf36c2949cf11094e07090593e659e7639
    dependencies:
    - name: idf
      require: private
      version: '>=5.0'
    source:
      registry_url: https://components.espressif.com/
      type: service
    version: 3.0.3
  idf:
    source:
      type: idf
    version: 6.0.1
  lvgl/lvgl:
    component_hash: d7c1ac037ae6e85d94897f807d6e7ba0946a83e720074fc95a4f6241da9f9f53
    dependencies: []
    source:
      registry_url: https://components.espressif.com/
      type: service
    version: 8.4.0
direct_dependencies:
- abobija/rc522
- espressif/esp_lvgl_port
- espressif/led_strip
- lvgl/lvgl
manifest_hash: 001b320639d737851f7756094dcd65329169653aaf8c4370f16d052132aee1a5
target: esp32s3
version: 3.0.0
